
Microsoft Visual Studio Solution File, Format Version 12.00
# Visual Studio Version 17
VisualStudioVersion = 17.5.002.0
MinimumVisualStudioVersion = 10.0.40219.1
Project("{9A19103F-16F7-4668-BE54-9A1E7A4F7556}") = "DesafioHeranca", "DesafioHeranca.csproj", "{89C0E590-3B21-408F-832F-6C302F9F424C}"
EndProject
Global
	GlobalSection(SolutionConfigurationPlatforms) = preSolution
		Debug|Any CPU = Debug|Any CPU
		Release|Any CPU = Release|Any CPU
	EndGlobalSection
	GlobalSection(ProjectConfigurationPlatforms) = postSolution
		{89C0E590-3B21-408F-832F-6C302F9F424C}.Debug|Any CPU.ActiveCfg = Debug|Any CPU
		{89C0E590-3B21-408F-832F-6C302F9F424C}.Debug|Any CPU.Build.0 = Debug|Any CPU
		{89C0E590-3B21-408F-832F-6C302F9F424C}.Release|Any CPU.ActiveCfg = Release|Any CPU
		{89C0E590-3B21-408F-832F-6C302F9F424C}.Release|Any CPU.Build.0 = Release|Any CPU
	EndGlobalSection
	GlobalSection(SolutionProperties) = preSolution
		HideSolutionNode = FALSE
	EndGlobalSection
	GlobalSection(ExtensibilityGlobals) = postSolution
		SolutionGuid = {C7DA4B65-3F28-4DB3-AEA1-2B52C31D24D6}
	EndGlobalSection
EndGlobal
